
Microsoft Visual Studio Solution File, Format Version 12.00
# Visual Studio Version 16
VisualStudioVersion = 16.0.31911.196
MinimumVisualStudioVersion = 10.0.40219.1
Project("{FAE04EC0-301F-11D3-BF4B-00C04F79EFBC}") = "Fantasy_Biking.Android", "Fantasy_Biking\Fantasy_Biking.Android\Fantasy_Biking.Android.csproj", "{2F09CEE5-66FC-4918-8D73-8ECD8ACF535F}"
EndProject
Project("{FAE04EC0-301F-11D3-BF4B-00C04F79EFBC}") = "Fantasy_Biking.iOS", "Fantasy_Biking\Fantasy_Biking.iOS\Fantasy_Biking.iOS.csproj", "{3E58B493-8F03-4329-AE8D-0AD200096382}"
EndProject
Project("{FAE04EC0-301F-11D3-BF4B-00C04F79EFBC}") = "Fantasy_Biking", "Fantasy_Biking\Fantasy_Biking\Fantasy_Biking.csproj", "{32B143F2-E761-4B89-8C49-14B2D25713CB}"
EndProject
Global
	GlobalSection(SolutionConfigurationPlatforms) = preSolution
		Debug|Any CPU = Debug|Any CPU
		Debug|iPhone = Debug|iPhone
		Debug|iPhoneSimulator = Debug|iPhoneSimulator
		Release|Any CPU = Release|Any CPU
		Release|iPhone = Release|iPhone
		Release|iPhoneSimulator = Release|iPhoneSimulator
	EndGlobalSection
	GlobalSection(ProjectConfigurationPlatforms) = postSolution
		{2F09CEE5-66FC-4918-8D73-8ECD8ACF535F}.Debug|Any CPU.ActiveCfg = Debug|Any CPU
		{2F09CEE5-66FC-4918-8D73-8ECD8ACF535F}.Debug|Any CPU.Build.0 = Debug|Any CPU
		{2F09CEE5-66FC-4918-8D73-8ECD8ACF535F}.Debug|Any CPU.Deploy.0 = Debug|Any CPU
		{2F09CEE5-66FC-4918-8D73-8ECD8ACF535F}.Debug|iPhone.ActiveCfg = Debug|Any CPU
		{2F09CEE5-66FC-4918-8D73-8ECD8ACF535F}.Debug|iPhone.Build.0 = Debug|Any CPU
		{2F09CEE5-66FC-4918-8D73-8ECD8ACF535F}.Debug|iPhone.Deploy.0 = Debug|Any CPU
		{2F09CEE5-66FC-4918-8D73-8ECD8ACF535F}.Debug|iPhoneSimulator.ActiveCfg = Debug|Any CPU
		{2F09CEE5-66FC-4918-8D73-8ECD8ACF535F}.Debug|iPhoneSimulator.Build.0 = Debug|Any CPU
		{2F09CEE5-66FC-4918-8D73-8ECD8ACF535F}.Debug|iPhoneSimulator.Deploy.0 = Debug|Any CPU
		{2F09CEE5-66FC-4918-8D73-8ECD8ACF535F}.Release|Any CPU.ActiveCfg = Release|Any CPU
		{2F09CEE5-66FC-4918-8D73-8ECD8ACF535F}.Release|Any CPU.Build.0 = Release|Any CPU
		{2F09CEE5-66FC-4918-8D73-8ECD8ACF535F}.Release|Any CPU.Deploy.0 = Release|Any CPU
		{2F09CEE5-66FC-4918-8D73-8ECD8ACF535F}.Release|iPhone.ActiveCfg = Release|Any CPU
		{2F09CEE5-66FC-4918-8D73-8ECD8ACF535F}.Release|iPhone.Build.0 = Release|Any CPU
		{2F09CEE5-66FC-4918-8D73-8ECD8ACF535F}.Release|iPhone.Deploy.0 = Release|Any CPU
		{2F09CEE5-66FC-4918-8D73-8ECD8ACF535F}.Release|iPhoneSimulator.ActiveCfg = Release|Any CPU
		{2F09CEE5-66FC-4918-8D73-8ECD8ACF535F}.Release|iPhoneSimulator.Build.0 = Release|Any CPU
		{2F09CEE5-66FC-4918-8D73-8ECD8ACF535F}.Release|iPhoneSimulator.Deploy.0 = Release|Any CPU
		{3E58B493-8F03-4329-AE8D-0AD200096382}.Debug|Any CPU.ActiveCfg = Debug|iPhone
		{3E58B493-8F03-4329-AE8D-0AD200096382}.Debug|Any CPU.Build.0 = Debug|iPhone
		{3E58B493-8F03-4329-AE8D-0AD200096382}.Debug|Any CPU.Deploy.0 = Debug|iPhone
		{3E58B493-8F03-4329-AE8D-0AD200096382}.Debug|iPhone.ActiveCfg = Debug|iPhone
		{3E58B493-8F03-4329-AE8D-0AD200096382}.Debug|iPhone.Build.0 = Debug|iPhone
		{3E58B493-8F03-4329-AE8D-0AD200096382}.Debug|iPhone.Deploy.0 = Debug|iPhone
		{3E58B493-8F03-4329-AE8D-0AD200096382}.Debug|iPhoneSimulator.ActiveCfg = Debug|iPhoneSimulator
		{3E58B493-8F03-4329-AE8D-0AD200096382}.Debug|iPhoneSimulator.Build.0 = Debug|iPhoneSimulator
		{3E58B493-8F03-4329-AE8D-0AD200096382}.Debug|iPhoneSimulator.Deploy.0 = Debug|iPhoneSimulator
		{3E58B493-8F03-4329-AE8D-0AD200096382}.Release|Any CPU.ActiveCfg = Release|iPhoneSimulator
		{3E58B493-8F03-4329-AE8D-0AD200096382}.Release|Any CPU.Build.0 = Release|iPhoneSimulator
		{3E58B493-8F03-4329-AE8D-0AD200096382}.Release|Any CPU.Deploy.0 = Release|iPhoneSimulator
		{3E58B493-8F03-4329-AE8D-0AD200096382}.Release|iPhone.ActiveCfg = Release|iPhone
		{3E58B493-8F03-4329-AE8D-0AD200096382}.Release|iPhone.Build.0 = Release|iPhone
		{3E58B493-8F03-4329-AE8D-0AD200096382}.Release|iPhone.Deploy.0 = Release|iPhone
		{3E58B493-8F03-4329-AE8D-0AD200096382}.Release|iPhoneSimulator.ActiveCfg = Release|iPhoneSimulator
		{3E58B493-8F03-4329-AE8D-0AD200096382}.Release|iPhoneSimulator.Build.0 = Release|iPhoneSimulator
		{3E58B493-8F03-4329-AE8D-0AD200096382}.Release|iPhoneSimulator.Deploy.0 = Release|iPhoneSimulator
		{32B143F2-E761-4B89-8C49-14B2D25713CB}.Debug|Any CPU.ActiveCfg = Debug|Any CPU
		{32B143F2-E761-4B89-8C49-14B2D25713CB}.Debug|Any CPU.Build.0 = Debug|Any CPU
		{32B143F2-E761-4B89-8C49-14B2D25713CB}.Debug|Any CPU.Deploy.0 = Debug|Any CPU
		{32B143F2-E761-4B89-8C49-14B2D25713CB}.Debug|iPhone.ActiveCfg = Debug|Any CPU
		{32B143F2-E761-4B89-8C49-14B2D25713CB}.Debug|iPhone.Build.0 = Debug|Any CPU
		{32B143F2-E761-4B89-8C49-14B2D25713CB}.Debug|iPhone.Deploy.0 = Debug|Any CPU
		{32B143F2-E761-4B89-8C49-14B2D25713CB}.Debug|iPhoneSimulator.ActiveCfg = Debug|Any CPU
		{32B143F2-E761-4B89-8C49-14B2D25713CB}.Debug|iPhoneSimulator.Build.0 = Debug|Any CPU
		{32B143F2-E761-4B89-8C49-14B2D25713CB}.Debug|iPhoneSimulator.Deploy.0 = Debug|Any CPU
		{32B143F2-E761-4B89-8C49-14B2D25713CB}.Release|Any CPU.ActiveCfg = Release|Any CPU
		{32B143F2-E761-4B89-8C49-14B2D25713CB}.Release|Any CPU.Build.0 = Release|Any CPU
		{32B143F2-E761-4B89-8C49-14B2D25713CB}.Release|Any CPU.Deploy.0 = Release|Any CPU
		{32B143F2-E761-4B89-8C49-14B2D25713CB}.Release|iPhone.ActiveCfg = Release|Any CPU
		{32B143F2-E761-4B89-8C49-14B2D25713CB}.Release|iPhone.Build.0 = Release|Any CPU
		{32B143F2-E761-4B89-8C49-14B2D25713CB}.Release|iPhone.Deploy.0 = Release|Any CPU
		{32B143F2-E761-4B89-8C49-14B2D25713CB}.Release|iPhoneSimulator.ActiveCfg = Release|Any CPU
		{32B143F2-E761-4B89-8C49-14B2D25713CB}.Release|iPhoneSimulator.Build.0 = Release|Any CPU
		{32B143F2-E761-4B89-8C49-14B2D25713CB}.Release|iPhoneSimulator.Deploy.0 = Release|Any CPU
	EndGlobalSection
	GlobalSection(SolutionProperties) = preSolution
		HideSolutionNode = FALSE
	EndGlobalSection
	GlobalSection(ExtensibilityGlobals) = postSolution
		SolutionGuid = {6AC8D3F7-C7B7-4609-88F4-2BF3635F57E4}
	EndGlobalSection
EndGlobal
